
Microsoft Visual Studio Solution File, Format Version 12.00
# Visual Studio Version 17
VisualStudioVersion = 17.4.33403.182
MinimumVisualStudioVersion = 10.0.40219.1
Project("{FAE04EC0-301F-11D3-BF4B-00C04F79EFBC}") = "MagicVilla_API", "MagicVilla_API\MagicVilla_API.csproj", "{CC57A63A-66E5-4AE2-B76F-8BBA4E086B89}"
EndProject
Global
	GlobalSection(SolutionConfigurationPlatforms) = preSolution
		Debug|Any CPU = Debug|Any CPU
		Release|Any CPU = Release|Any CPU
	EndGlobalSection
	GlobalSection(ProjectConfigurationPlatforms) = postSolution
		{CC57A63A-66E5-4AE2-B76F-8BBA4E086B89}.Debug|Any CPU.ActiveCfg = Debug|Any CPU
		{CC57A63A-66E5-4AE2-B76F-8BBA4E086B89}.Debug|Any CPU.Build.0 = Debug|Any CPU
		{CC57A63A-66E5-4AE2-B76F-8BBA4E086B89}.Release|Any CPU.ActiveCfg = Release|Any CPU
		{CC57A63A-66E5-4AE2-B76F-8BBA4E086B89}.Release|Any CPU.Build.0 = Release|Any CPU
	EndGlobalSection
	GlobalSection(SolutionProperties) = preSolution
		HideSolutionNode = FALSE
	EndGlobalSection
	GlobalSection(ExtensibilityGlobals) = postSolution
		SolutionGuid = {B3E8C865-6D98-4C97-BF43-4BE293E07B50}
	EndGlobalSection
EndGlobal
